{
  "version": 4,
  "terraform_version": "1.13.5",
  "serial": 4,
  "lineage": "6425a4e1-c5b3-ba7a-03bf-4f39e46ac84f",
  "outputs": {},
  "resources": [
    {
      "module": "module.vpc",
      "mode": "managed",
      "type": "aws_vpc",
      "name": "main",
      "provider": "provider[\"registry.terraform.io/hashicorp/aws\"]",
      "instances": [
        {
          "schema_version": 1,
          "attributes": {
            "arn": "arn:aws:ec2:us-east-1:172316546414:vpc/vpc-061c206894044eea5",
            "assign_generated_ipv6_cidr_block": false,
            "cidr_block": "10.0.0.0/24",
            "default_network_acl_id": "acl-042478b44d034c8c4",
            "default_route_table_id": "rtb-07f7c69a9f3a75d6a",
            "default_security_group_id": "sg-05d493682409fff80",
            "dhcp_options_id": "dopt-0490f2f678e81a1ee",
            "enable_dns_hostnames": true,
            "enable_dns_support": true,
            "enable_network_address_usage_metrics": false,
            "id": "vpc-061c206894044eea5",
            "instance_tenancy": "default",
            "ipv4_ipam_pool_id": null,
            "ipv4_netmask_length": null,
            "ipv6_association_id": "",
            "ipv6_cidr_block": "",
            "ipv6_cidr_block_network_border_group": "",
            "ipv6_ipam_pool_id": "",
            "ipv6_netmask_length": 0,
            "main_route_table_id": "rtb-07f7c69a9f3a75d6a",
            "owner_id": "172316546414",
            "region": "us-east-1",
            "tags": {
              "Name": "my-k8s-lab-vpc"
            },
            "tags_all": {
              "Name": "my-k8s-lab-vpc"
            }
          },
          "sensitive_attributes": [],
          "identity_schema_version": 0,
          "identity": {
            "account_id": "172316546414",
            "id": "vpc-061c206894044eea5",
            "region": "us-east-1"
          },
          "private": "eyJzY2hlbWFfdmVyc2lvbiI6IjEifQ=="
        }
      ]
    }
  ],
  "check_results": null
}
